
Microsoft Visual Studio Solution File, Format Version 12.00
# Visual Studio Version 17
VisualStudioVersion = 17.0.31903.59
MinimumVisualStudioVersion = 10.0.40219.1
Project("{2150E333-8FDC-42A3-9474-1A3956D46DE8}") = "src", "src", "{02EA681E-C7D8-13C7-8484-4AC65E1B71E8}"
EndProject
Project("{2150E333-8FDC-42A3-9474-1A3956D46DE8}") = "tests", "tests", "{76A86AC9-CC33-4FFE-9A23-2469A08288FD}"
EndProject
Project("{FAE04EC0-301F-11D3-BF4B-00C04F79EFBC}") = "Restaurants.ApplicationTests", "tests\Restaurants.ApplicationTests\Restaurants.ApplicationTests.csproj", "{826C7AEA-282B-5F36-03C7-A7EA7566DB14}"
EndProject
Project("{FAE04EC0-301F-11D3-BF4B-00C04F79EFBC}") = "Restaurants.API", "src\Restaurants.API\Restaurants.API.csproj", "{EE6051AE-B6D6-8202-9D97-06FDEF77DEC7}"
EndProject
Project("{FAE04EC0-301F-11D3-BF4B-00C04F79EFBC}") = "Restaurants.Application", "src\Restaurants.Application\Restaurants.Application.csproj", "{EFEDB2AB-A54A-CEDE-88B8-6EA93CEC4242}"
EndProject
Project("{FAE04EC0-301F-11D3-BF4B-00C04F79EFBC}") = "Restaurants.Domain", "src\Restaurants.Domain\Restaurants.Domain.csproj", "{27C20924-9E09-3927-8D4D-A204713E4FD3}"
EndProject
Project("{FAE04EC0-301F-11D3-BF4B-00C04F79EFBC}") = "Restaurants.Infrastructure", "src\Restaurants.Infrastructure\Restaurants.Infrastructure.csproj", "{DE26A72D-0757-3D84-C2C2-58247A49A6CF}"
EndProject
Project("{FAE04EC0-301F-11D3-BF4B-00C04F79EFBC}") = "Restaurants.API.Tests", "tests\Restaurants.API.Tests\Restaurants.API.Tests.csproj", "{09AF7126-0CC5-D1A5-ACDB-6B0917D81A5B}"
EndProject
Project("{FAE04EC0-301F-11D3-BF4B-00C04F79EFBC}") = "Restaurants.Infrastructure.Tests", "tests\Restaurants.Infrastructure.Tests\Restaurants.Infrastructure.Tests.csproj", "{33AC2878-65B7-C4C1-8E6C-CCC0019EE731}"
EndProject
Global
	GlobalSection(SolutionConfigurationPlatforms) = preSolution
		Debug|Any CPU = Debug|Any CPU
		Release|Any CPU = Release|Any CPU
	EndGlobalSection
	GlobalSection(ProjectConfigurationPlatforms) = postSolution
		{826C7AEA-282B-5F36-03C7-A7EA7566DB14}.Debug|Any CPU.ActiveCfg = Debug|Any CPU
		{826C7AEA-282B-5F36-03C7-A7EA7566DB14}.Debug|Any CPU.Build.0 = Debug|Any CPU
		{826C7AEA-282B-5F36-03C7-A7EA7566DB14}.Release|Any CPU.ActiveCfg = Release|Any CPU
		{826C7AEA-282B-5F36-03C7-A7EA7566DB14}.Release|Any CPU.Build.0 = Release|Any CPU
		{EE6051AE-B6D6-8202-9D97-06FDEF77DEC7}.Debug|Any CPU.ActiveCfg = Debug|Any CPU
		{EE6051AE-B6D6-8202-9D97-06FDEF77DEC7}.Debug|Any CPU.Build.0 = Debug|Any CPU
		{EE6051AE-B6D6-8202-9D97-06FDEF77DEC7}.Release|Any CPU.ActiveCfg = Release|Any CPU
		{EE6051AE-B6D6-8202-9D97-06FDEF77DEC7}.Release|Any CPU.Build.0 = Release|Any CPU
		{EFEDB2AB-A54A-CEDE-88B8-6EA93CEC4242}.Debug|Any CPU.ActiveCfg = Debug|Any CPU
		{EFEDB2AB-A54A-CEDE-88B8-6EA93CEC4242}.Debug|Any CPU.Build.0 = Debug|Any CPU
		{EFEDB2AB-A54A-CEDE-88B8-6EA93CEC4242}.Release|Any CPU.ActiveCfg = Release|Any CPU
		{EFEDB2AB-A54A-CEDE-88B8-6EA93CEC4242}.Release|Any CPU.Build.0 = Release|Any CPU
		{27C20924-9E09-3927-8D4D-A204713E4FD3}.Debug|Any CPU.ActiveCfg = Debug|Any CPU
		{27C20924-9E09-3927-8D4D-A204713E4FD3}.Debug|Any CPU.Build.0 = Debug|Any CPU
		{27C20924-9E09-3927-8D4D-A204713E4FD3}.Release|Any CPU.ActiveCfg = Release|Any CPU
		{27C20924-9E09-3927-8D4D-A204713E4FD3}.Release|Any CPU.Build.0 = Release|Any CPU
		{DE26A72D-0757-3D84-C2C2-58247A49A6CF}.Debug|Any CPU.ActiveCfg = Debug|Any CPU
		{DE26A72D-0757-3D84-C2C2-58247A49A6CF}.Debug|Any CPU.Build.0 = Debug|Any CPU
		{DE26A72D-0757-3D84-C2C2-58247A49A6CF}.Release|Any CPU.ActiveCfg = Release|Any CPU
		{DE26A72D-0757-3D84-C2C2-58247A49A6CF}.Release|Any CPU.Build.0 = Release|Any CPU
		{09AF7126-0CC5-D1A5-ACDB-6B0917D81A5B}.Debug|Any CPU.ActiveCfg = Debug|Any CPU
		{09AF7126-0CC5-D1A5-ACDB-6B0917D81A5B}.Debug|Any CPU.Build.0 = Debug|Any CPU
		{09AF7126-0CC5-D1A5-ACDB-6B0917D81A5B}.Release|Any CPU.ActiveCfg = Release|Any CPU
		{09AF7126-0CC5-D1A5-ACDB-6B0917D81A5B}.Release|Any CPU.Build.0 = Release|Any CPU
		{33AC2878-65B7-C4C1-8E6C-CCC0019EE731}.Debug|Any CPU.ActiveCfg = Debug|Any CPU
		{33AC2878-65B7-C4C1-8E6C-CCC0019EE731}.Debug|Any CPU.Build.0 = Debug|Any CPU
		{33AC2878-65B7-C4C1-8E6C-CCC0019EE731}.Release|Any CPU.ActiveCfg = Release|Any CPU
		{33AC2878-65B7-C4C1-8E6C-CCC0019EE731}.Release|Any CPU.Build.0 = Release|Any CPU
	EndGlobalSection
	GlobalSection(SolutionProperties) = preSolution
		HideSolutionNode = FALSE
	EndGlobalSection
	GlobalSection(NestedProjects) = preSolution
		{826C7AEA-282B-5F36-03C7-A7EA7566DB14} = {76A86AC9-CC33-4FFE-9A23-2469A08288FD}
		{EE6051AE-B6D6-8202-9D97-06FDEF77DEC7} = {02EA681E-C7D8-13C7-8484-4AC65E1B71E8}
		{EFEDB2AB-A54A-CEDE-88B8-6EA93CEC4242} = {02EA681E-C7D8-13C7-8484-4AC65E1B71E8}
		{27C20924-9E09-3927-8D4D-A204713E4FD3} = {02EA681E-C7D8-13C7-8484-4AC65E1B71E8}
		{DE26A72D-0757-3D84-C2C2-58247A49A6CF} = {02EA681E-C7D8-13C7-8484-4AC65E1B71E8}
		{09AF7126-0CC5-D1A5-ACDB-6B0917D81A5B} = {76A86AC9-CC33-4FFE-9A23-2469A08288FD}
		{33AC2878-65B7-C4C1-8E6C-CCC0019EE731} = {76A86AC9-CC33-4FFE-9A23-2469A08288FD}
	EndGlobalSection
	GlobalSection(ExtensibilityGlobals) = postSolution
		SolutionGuid = {0E9A85AC-7F25-4E8D-AE86-4D0D879B05D2}
	EndGlobalSection
EndGlobal
